
Microsoft Visual Studio Solution File, Format Version 12.00
Project("{FAE04EC0-301F-11D3-BF4B-00C04F79EFBC}") = "IdentityUserRegistration", "IdentityUserRegistration.csproj", "{0D6CC537-850F-4243-93A6-DC4CBB112827}"
EndProject
Global
	GlobalSection(SolutionConfigurationPlatforms) = preSolution
		Debug|Any CPU = Debug|Any CPU
		Release|Any CPU = Release|Any CPU
	EndGlobalSection
	GlobalSection(ProjectConfigurationPlatforms) = postSolution
		{0D6CC537-850F-4243-93A6-DC4CBB112827}.Debug|Any CPU.ActiveCfg = Debug|Any CPU
		{0D6CC537-850F-4243-93A6-DC4CBB112827}.Debug|Any CPU.Build.0 = Debug|Any CPU
		{0D6CC537-850F-4243-93A6-DC4CBB112827}.Release|Any CPU.ActiveCfg = Release|Any CPU
		{0D6CC537-850F-4243-93A6-DC4CBB112827}.Release|Any CPU.Build.0 = Release|Any CPU
	EndGlobalSection
EndGlobal
